
Microsoft Visual Studio Solution File, Format Version 12.00
# Visual Studio Version 17
VisualStudioVersion = 17.0.31903.59
MinimumVisualStudioVersion = 10.0.40219.1
Project("{2150E333-8FDC-42A3-9474-1A3956D46DE8}") = "src", "src", "{679B93A5-B8E2-458F-9575-851015191724}"
EndProject
Project("{FAE04EC0-301F-11D3-BF4B-00C04F79EFBC}") = "TALXIS.DevKit.Templates.Dataverse", "src\Dataverse\TALXIS.DevKit.Templates.Dataverse.csproj", "{3072341E-8187-4258-BDB9-FF5948F0DC38}"
EndProject
Global
	GlobalSection(SolutionConfigurationPlatforms) = preSolution
		Debug|Any CPU = Debug|Any CPU
		Release|Any CPU = Release|Any CPU
	EndGlobalSection
	GlobalSection(SolutionProperties) = preSolution
		HideSolutionNode = FALSE
	EndGlobalSection
	GlobalSection(ProjectConfigurationPlatforms) = postSolution
		{3072341E-8187-4258-BDB9-FF5948F0DC38}.Debug|Any CPU.ActiveCfg = Debug|Any CPU
		{3072341E-8187-4258-BDB9-FF5948F0DC38}.Debug|Any CPU.Build.0 = Debug|Any CPU
		{3072341E-8187-4258-BDB9-FF5948F0DC38}.Release|Any CPU.ActiveCfg = Release|Any CPU
		{3072341E-8187-4258-BDB9-FF5948F0DC38}.Release|Any CPU.Build.0 = Release|Any CPU
	EndGlobalSection
	GlobalSection(NestedProjects) = preSolution
		{3072341E-8187-4258-BDB9-FF5948F0DC38} = {679B93A5-B8E2-458F-9575-851015191724}
	EndGlobalSection
EndGlobal
