
Microsoft Visual Studio Solution File, Format Version 12.00
# Visual Studio Version 17
VisualStudioVersion = 17.13.35825.156 d17.13
MinimumVisualStudioVersion = 10.0.40219.1
Project("{FAE04EC0-301F-11D3-BF4B-00C04F79EFBC}") = "pp-test-ui", "pp-test-ui\pp-test-ui.csproj", "{747412D8-B279-4539-A339-576C9038136A}"
EndProject
Global
	GlobalSection(SolutionConfigurationPlatforms) = preSolution
		Debug|Any CPU = Debug|Any CPU
		Release|Any CPU = Release|Any CPU
	EndGlobalSection
	GlobalSection(ProjectConfigurationPlatforms) = postSolution
		{747412D8-B279-4539-A339-576C9038136A}.Debug|Any CPU.ActiveCfg = Debug|Any CPU
		{747412D8-B279-4539-A339-576C9038136A}.Debug|Any CPU.Build.0 = Debug|Any CPU
		{747412D8-B279-4539-A339-576C9038136A}.Release|Any CPU.ActiveCfg = Release|Any CPU
		{747412D8-B279-4539-A339-576C9038136A}.Release|Any CPU.Build.0 = Release|Any CPU
	EndGlobalSection
	GlobalSection(SolutionProperties) = preSolution
		HideSolutionNode = FALSE
	EndGlobalSection
	GlobalSection(ExtensibilityGlobals) = postSolution
		SolutionGuid = {4D2AD8A7-C8EC-4BF9-8AB9-E5A269D3513F}
	EndGlobalSection
EndGlobal
